
Microsoft Visual Studio Solution File, Format Version 12.00
# Visual Studio Version 17
VisualStudioVersion = 17.8.34408.163
MinimumVisualStudioVersion = 10.0.40219.1
Project("{FAE04EC0-301F-11D3-BF4B-00C04F79EFBC}") = "ProjetoRefugiadosApi", "ProjetoRefugiadosApi.csproj", "{56A405F0-B67C-4CE2-B9D5-1B3C1E777352}"
EndProject
Global
	GlobalSection(SolutionConfigurationPlatforms) = preSolution
		Debug|Any CPU = Debug|Any CPU
		Release|Any CPU = Release|Any CPU
	EndGlobalSection
	GlobalSection(ProjectConfigurationPlatforms) = postSolution
		{56A405F0-B67C-4CE2-B9D5-1B3C1E777352}.Debug|Any CPU.ActiveCfg = Debug|Any CPU
		{56A405F0-B67C-4CE2-B9D5-1B3C1E777352}.Debug|Any CPU.Build.0 = Debug|Any CPU
		{56A405F0-B67C-4CE2-B9D5-1B3C1E777352}.Release|Any CPU.ActiveCfg = Release|Any CPU
		{56A405F0-B67C-4CE2-B9D5-1B3C1E777352}.Release|Any CPU.Build.0 = Release|Any CPU
	EndGlobalSection
	GlobalSection(SolutionProperties) = preSolution
		HideSolutionNode = FALSE
	EndGlobalSection
	GlobalSection(ExtensibilityGlobals) = postSolution
		SolutionGuid = {646D0F4E-1B03-45EE-95D7-BBD7DDE0B39C}
	EndGlobalSection
EndGlobal
